
Microsoft Visual Studio Solution File, Format Version 12.00
Project("{2150E333-8FDC-42A3-9474-1A3956D46DE8}") = "Chapter2", "Chapter2", "{33D3C75B-F4BE-4912-9AFC-332D9DEC5250}"
EndProject
Project("{FAE04EC0-301F-11D3-BF4B-00C04F79EFBC}") = "Theme2.Example1", "Theme1.Example1\Theme2.Example1\Theme2.Example1.csproj", "{657B43D7-6D81-408F-B973-3ADF18CFEA4B}"
EndProject
Project("{FAE04EC0-301F-11D3-BF4B-00C04F79EFBC}") = "Theme3.Example1", "Theme3.Example1\Theme3.Example1.csproj", "{62B9724A-C23D-489B-B449-8A361859D66F}"
EndProject
Project("{FAE04EC0-301F-11D3-BF4B-00C04F79EFBC}") = "Theme3.Example2", "Theme3.Example2\Theme3.Example2.csproj", "{DA7AE764-3CC5-4DE4-99D1-47656B2A620B}"
EndProject
Project("{FAE04EC0-301F-11D3-BF4B-00C04F79EFBC}") = "Theme3.Example3", "Theme3.Example3\Theme3.Example3.csproj", "{2CD2235D-A816-4C96-8E64-763198CE500F}"
EndProject
Project("{FAE04EC0-301F-11D3-BF4B-00C04F79EFBC}") = "Theme3.Example4", "Theme3.Example4\Theme3.Example4.csproj", "{E3735533-8DC7-4C93-A0C4-A388E74BAF40}"
EndProject
Project("{FAE04EC0-301F-11D3-BF4B-00C04F79EFBC}") = "Theme4.Example1", "Theme4.Example1\Theme4.Example1.csproj", "{C6892219-6CA2-46C5-8716-7F789CFCB204}"
EndProject
Project("{FAE04EC0-301F-11D3-BF4B-00C04F79EFBC}") = "Theme5.Example1", "Theme5.Example1\Theme5.Example1.csproj", "{C5105A8C-8D39-4C05-B132-EEA6EC821F87}"
EndProject
Project("{FAE04EC0-301F-11D3-BF4B-00C04F79EFBC}") = "Theme4.Example2", "Theme4.Example2\Theme4.Example2.csproj", "{9D585DE2-2C7F-43F6-9DA8-3A575881B39B}"
EndProject
Project("{FAE04EC0-301F-11D3-BF4B-00C04F79EFBC}") = "Theme5.Example2", "Theme5.Example2\Theme5.Example2.csproj", "{FE2C30A6-E87B-4A7C-A5BC-01FFCBB2D460}"
EndProject
Project("{FAE04EC0-301F-11D3-BF4B-00C04F79EFBC}") = "Theme5.Example3", "Theme5.Example3\Theme5.Example3.csproj", "{A3763744-B420-4C5A-A713-9A54A6C6EFDB}"
EndProject
Project("{FAE04EC0-301F-11D3-BF4B-00C04F79EFBC}") = "Theme5.Example4", "Theme5.Example4\Theme5.Example4.csproj", "{7C5BA009-DB62-4FE5-86BE-C8BBBDDE1086}"
EndProject
Project("{FAE04EC0-301F-11D3-BF4B-00C04F79EFBC}") = "Theme5.Example5", "Theme5.Example5\Theme5.Example5.csproj", "{6E4F35F9-E999-4321-AC8C-81F936D6F579}"
EndProject
Project("{FAE04EC0-301F-11D3-BF4B-00C04F79EFBC}") = "Theme5.Example6", "Theme5.Example6\Theme5.Example6.csproj", "{3D1DA56B-DC0C-40AD-91E4-6820B7F32447}"
EndProject
Project("{FAE04EC0-301F-11D3-BF4B-00C04F79EFBC}") = "Theme6.Example1", "Theme6.Example1\Theme6.Example1.csproj", "{AF066033-180F-46E2-9BDC-9EF44491587A}"
EndProject
Project("{FAE04EC0-301F-11D3-BF4B-00C04F79EFBC}") = "Theme6.Example2", "Theme6.Example2\Theme6.Example2.csproj", "{C37E4A83-6DA0-417D-86E9-345B3C86819B}"
EndProject
Project("{FAE04EC0-301F-11D3-BF4B-00C04F79EFBC}") = "Theme6.Example3", "Theme6.Example3\Theme6.Example3.csproj", "{C7E210D6-929E-4605-B266-0A21B446639A}"
EndProject
Project("{FAE04EC0-301F-11D3-BF4B-00C04F79EFBC}") = "Theme7.Example1", "Theme7.Example1\Theme7.Example1.csproj", "{26CF3FDD-C6B0-4972-A03D-72D5E6357DCC}"
EndProject
Project("{FAE04EC0-301F-11D3-BF4B-00C04F79EFBC}") = "Theme8.Example1", "Theme8.Example1\Theme8.Example1.csproj", "{291B086B-899B-42D4-B624-EE5C45C0CB4D}"
EndProject
Project("{FAE04EC0-301F-11D3-BF4B-00C04F79EFBC}") = "Theme9.Example1", "Theme9.Example1\Theme9.Example1.csproj", "{6A52ED8B-8E93-405F-8456-2FA6CFDBF577}"
EndProject
Project("{FAE04EC0-301F-11D3-BF4B-00C04F79EFBC}") = "Theme10.Example1", "Theme10.Example1\Theme10.Example1.csproj", "{58263358-F0FD-4211-9D20-9CD306CBF336}"
EndProject
Project("{FAE04EC0-301F-11D3-BF4B-00C04F79EFBC}") = "Theme11.Example1", "Theme11.Example1\Theme11.Example1.csproj", "{276D16EF-C205-4BD5-965D-0A6EE4EE865C}"
EndProject
Global
	GlobalSection(SolutionConfigurationPlatforms) = preSolution
		Debug|Any CPU = Debug|Any CPU
		Release|Any CPU = Release|Any CPU
	EndGlobalSection
	GlobalSection(ProjectConfigurationPlatforms) = postSolution
		{657B43D7-6D81-408F-B973-3ADF18CFEA4B}.Debug|Any CPU.ActiveCfg = Debug|Any CPU
		{657B43D7-6D81-408F-B973-3ADF18CFEA4B}.Debug|Any CPU.Build.0 = Debug|Any CPU
		{657B43D7-6D81-408F-B973-3ADF18CFEA4B}.Release|Any CPU.ActiveCfg = Release|Any CPU
		{657B43D7-6D81-408F-B973-3ADF18CFEA4B}.Release|Any CPU.Build.0 = Release|Any CPU
		{62B9724A-C23D-489B-B449-8A361859D66F}.Debug|Any CPU.ActiveCfg = Debug|Any CPU
		{62B9724A-C23D-489B-B449-8A361859D66F}.Debug|Any CPU.Build.0 = Debug|Any CPU
		{62B9724A-C23D-489B-B449-8A361859D66F}.Release|Any CPU.ActiveCfg = Release|Any CPU
		{62B9724A-C23D-489B-B449-8A361859D66F}.Release|Any CPU.Build.0 = Release|Any CPU
		{DA7AE764-3CC5-4DE4-99D1-47656B2A620B}.Debug|Any CPU.ActiveCfg = Debug|Any CPU
		{DA7AE764-3CC5-4DE4-99D1-47656B2A620B}.Debug|Any CPU.Build.0 = Debug|Any CPU
		{DA7AE764-3CC5-4DE4-99D1-47656B2A620B}.Release|Any CPU.ActiveCfg = Release|Any CPU
		{DA7AE764-3CC5-4DE4-99D1-47656B2A620B}.Release|Any CPU.Build.0 = Release|Any CPU
		{2CD2235D-A816-4C96-8E64-763198CE500F}.Debug|Any CPU.ActiveCfg = Debug|Any CPU
		{2CD2235D-A816-4C96-8E64-763198CE500F}.Debug|Any CPU.Build.0 = Debug|Any CPU
		{2CD2235D-A816-4C96-8E64-763198CE500F}.Release|Any CPU.ActiveCfg = Release|Any CPU
		{2CD2235D-A816-4C96-8E64-763198CE500F}.Release|Any CPU.Build.0 = Release|Any CPU
		{E3735533-8DC7-4C93-A0C4-A388E74BAF40}.Debug|Any CPU.ActiveCfg = Debug|Any CPU
		{E3735533-8DC7-4C93-A0C4-A388E74BAF40}.Debug|Any CPU.Build.0 = Debug|Any CPU
		{E3735533-8DC7-4C93-A0C4-A388E74BAF40}.Release|Any CPU.ActiveCfg = Release|Any CPU
		{E3735533-8DC7-4C93-A0C4-A388E74BAF40}.Release|Any CPU.Build.0 = Release|Any CPU
		{C6892219-6CA2-46C5-8716-7F789CFCB204}.Debug|Any CPU.ActiveCfg = Debug|Any CPU
		{C6892219-6CA2-46C5-8716-7F789CFCB204}.Debug|Any CPU.Build.0 = Debug|Any CPU
		{C6892219-6CA2-46C5-8716-7F789CFCB204}.Release|Any CPU.ActiveCfg = Release|Any CPU
		{C6892219-6CA2-46C5-8716-7F789CFCB204}.Release|Any CPU.Build.0 = Release|Any CPU
		{C5105A8C-8D39-4C05-B132-EEA6EC821F87}.Debug|Any CPU.ActiveCfg = Debug|Any CPU
		{C5105A8C-8D39-4C05-B132-EEA6EC821F87}.Debug|Any CPU.Build.0 = Debug|Any CPU
		{C5105A8C-8D39-4C05-B132-EEA6EC821F87}.Release|Any CPU.ActiveCfg = Release|Any CPU
		{C5105A8C-8D39-4C05-B132-EEA6EC821F87}.Release|Any CPU.Build.0 = Release|Any CPU
		{9D585DE2-2C7F-43F6-9DA8-3A575881B39B}.Debug|Any CPU.ActiveCfg = Debug|Any CPU
		{9D585DE2-2C7F-43F6-9DA8-3A575881B39B}.Debug|Any CPU.Build.0 = Debug|Any CPU
		{9D585DE2-2C7F-43F6-9DA8-3A575881B39B}.Release|Any CPU.ActiveCfg = Release|Any CPU
		{9D585DE2-2C7F-43F6-9DA8-3A575881B39B}.Release|Any CPU.Build.0 = Release|Any CPU
		{FE2C30A6-E87B-4A7C-A5BC-01FFCBB2D460}.Debug|Any CPU.ActiveCfg = Debug|Any CPU
		{FE2C30A6-E87B-4A7C-A5BC-01FFCBB2D460}.Debug|Any CPU.Build.0 = Debug|Any CPU
		{FE2C30A6-E87B-4A7C-A5BC-01FFCBB2D460}.Release|Any CPU.ActiveCfg = Release|Any CPU
		{FE2C30A6-E87B-4A7C-A5BC-01FFCBB2D460}.Release|Any CPU.Build.0 = Release|Any CPU
		{A3763744-B420-4C5A-A713-9A54A6C6EFDB}.Debug|Any CPU.ActiveCfg = Debug|Any CPU
		{A3763744-B420-4C5A-A713-9A54A6C6EFDB}.Debug|Any CPU.Build.0 = Debug|Any CPU
		{A3763744-B420-4C5A-A713-9A54A6C6EFDB}.Release|Any CPU.ActiveCfg = Release|Any CPU
		{A3763744-B420-4C5A-A713-9A54A6C6EFDB}.Release|Any CPU.Build.0 = Release|Any CPU
		{7C5BA009-DB62-4FE5-86BE-C8BBBDDE1086}.Debug|Any CPU.ActiveCfg = Debug|Any CPU
		{7C5BA009-DB62-4FE5-86BE-C8BBBDDE1086}.Debug|Any CPU.Build.0 = Debug|Any CPU
		{7C5BA009-DB62-4FE5-86BE-C8BBBDDE1086}.Release|Any CPU.ActiveCfg = Release|Any CPU
		{7C5BA009-DB62-4FE5-86BE-C8BBBDDE1086}.Release|Any CPU.Build.0 = Release|Any CPU
		{6E4F35F9-E999-4321-AC8C-81F936D6F579}.Debug|Any CPU.ActiveCfg = Debug|Any CPU
		{6E4F35F9-E999-4321-AC8C-81F936D6F579}.Debug|Any CPU.Build.0 = Debug|Any CPU
		{6E4F35F9-E999-4321-AC8C-81F936D6F579}.Release|Any CPU.ActiveCfg = Release|Any CPU
		{6E4F35F9-E999-4321-AC8C-81F936D6F579}.Release|Any CPU.Build.0 = Release|Any CPU
		{3D1DA56B-DC0C-40AD-91E4-6820B7F32447}.Debug|Any CPU.ActiveCfg = Debug|Any CPU
		{3D1DA56B-DC0C-40AD-91E4-6820B7F32447}.Debug|Any CPU.Build.0 = Debug|Any CPU
		{3D1DA56B-DC0C-40AD-91E4-6820B7F32447}.Release|Any CPU.ActiveCfg = Release|Any CPU
		{3D1DA56B-DC0C-40AD-91E4-6820B7F32447}.Release|Any CPU.Build.0 = Release|Any CPU
		{AF066033-180F-46E2-9BDC-9EF44491587A}.Debug|Any CPU.ActiveCfg = Debug|Any CPU
		{AF066033-180F-46E2-9BDC-9EF44491587A}.Debug|Any CPU.Build.0 = Debug|Any CPU
		{AF066033-180F-46E2-9BDC-9EF44491587A}.Release|Any CPU.ActiveCfg = Release|Any CPU
		{AF066033-180F-46E2-9BDC-9EF44491587A}.Release|Any CPU.Build.0 = Release|Any CPU
		{C37E4A83-6DA0-417D-86E9-345B3C86819B}.Debug|Any CPU.ActiveCfg = Debug|Any CPU
		{C37E4A83-6DA0-417D-86E9-345B3C86819B}.Debug|Any CPU.Build.0 = Debug|Any CPU
		{C37E4A83-6DA0-417D-86E9-345B3C86819B}.Release|Any CPU.ActiveCfg = Release|Any CPU
		{C37E4A83-6DA0-417D-86E9-345B3C86819B}.Release|Any CPU.Build.0 = Release|Any CPU
		{C7E210D6-929E-4605-B266-0A21B446639A}.Debug|Any CPU.ActiveCfg = Debug|Any CPU
		{C7E210D6-929E-4605-B266-0A21B446639A}.Debug|Any CPU.Build.0 = Debug|Any CPU
		{C7E210D6-929E-4605-B266-0A21B446639A}.Release|Any CPU.ActiveCfg = Release|Any CPU
		{C7E210D6-929E-4605-B266-0A21B446639A}.Release|Any CPU.Build.0 = Release|Any CPU
		{26CF3FDD-C6B0-4972-A03D-72D5E6357DCC}.Debug|Any CPU.ActiveCfg = Debug|Any CPU
		{26CF3FDD-C6B0-4972-A03D-72D5E6357DCC}.Debug|Any CPU.Build.0 = Debug|Any CPU
		{26CF3FDD-C6B0-4972-A03D-72D5E6357DCC}.Release|Any CPU.ActiveCfg = Release|Any CPU
		{26CF3FDD-C6B0-4972-A03D-72D5E6357DCC}.Release|Any CPU.Build.0 = Release|Any CPU
		{291B086B-899B-42D4-B624-EE5C45C0CB4D}.Debug|Any CPU.ActiveCfg = Debug|Any CPU
		{291B086B-899B-42D4-B624-EE5C45C0CB4D}.Debug|Any CPU.Build.0 = Debug|Any CPU
		{291B086B-899B-42D4-B624-EE5C45C0CB4D}.Release|Any CPU.ActiveCfg = Release|Any CPU
		{291B086B-899B-42D4-B624-EE5C45C0CB4D}.Release|Any CPU.Build.0 = Release|Any CPU
		{6A52ED8B-8E93-405F-8456-2FA6CFDBF577}.Debug|Any CPU.ActiveCfg = Debug|Any CPU
		{6A52ED8B-8E93-405F-8456-2FA6CFDBF577}.Debug|Any CPU.Build.0 = Debug|Any CPU
		{6A52ED8B-8E93-405F-8456-2FA6CFDBF577}.Release|Any CPU.ActiveCfg = Release|Any CPU
		{6A52ED8B-8E93-405F-8456-2FA6CFDBF577}.Release|Any CPU.Build.0 = Release|Any CPU
		{58263358-F0FD-4211-9D20-9CD306CBF336}.Debug|Any CPU.ActiveCfg = Debug|Any CPU
		{58263358-F0FD-4211-9D20-9CD306CBF336}.Debug|Any CPU.Build.0 = Debug|Any CPU
		{58263358-F0FD-4211-9D20-9CD306CBF336}.Release|Any CPU.ActiveCfg = Release|Any CPU
		{58263358-F0FD-4211-9D20-9CD306CBF336}.Release|Any CPU.Build.0 = Release|Any CPU
		{276D16EF-C205-4BD5-965D-0A6EE4EE865C}.Debug|Any CPU.ActiveCfg = Debug|Any CPU
		{276D16EF-C205-4BD5-965D-0A6EE4EE865C}.Debug|Any CPU.Build.0 = Debug|Any CPU
		{276D16EF-C205-4BD5-965D-0A6EE4EE865C}.Release|Any CPU.ActiveCfg = Release|Any CPU
		{276D16EF-C205-4BD5-965D-0A6EE4EE865C}.Release|Any CPU.Build.0 = Release|Any CPU
	EndGlobalSection
	GlobalSection(NestedProjects) = preSolution
		{657B43D7-6D81-408F-B973-3ADF18CFEA4B} = {33D3C75B-F4BE-4912-9AFC-332D9DEC5250}
		{62B9724A-C23D-489B-B449-8A361859D66F} = {33D3C75B-F4BE-4912-9AFC-332D9DEC5250}
		{DA7AE764-3CC5-4DE4-99D1-47656B2A620B} = {33D3C75B-F4BE-4912-9AFC-332D9DEC5250}
		{2CD2235D-A816-4C96-8E64-763198CE500F} = {33D3C75B-F4BE-4912-9AFC-332D9DEC5250}
		{E3735533-8DC7-4C93-A0C4-A388E74BAF40} = {33D3C75B-F4BE-4912-9AFC-332D9DEC5250}
		{C6892219-6CA2-46C5-8716-7F789CFCB204} = {33D3C75B-F4BE-4912-9AFC-332D9DEC5250}
		{C5105A8C-8D39-4C05-B132-EEA6EC821F87} = {33D3C75B-F4BE-4912-9AFC-332D9DEC5250}
		{9D585DE2-2C7F-43F6-9DA8-3A575881B39B} = {33D3C75B-F4BE-4912-9AFC-332D9DEC5250}
		{FE2C30A6-E87B-4A7C-A5BC-01FFCBB2D460} = {33D3C75B-F4BE-4912-9AFC-332D9DEC5250}
		{A3763744-B420-4C5A-A713-9A54A6C6EFDB} = {33D3C75B-F4BE-4912-9AFC-332D9DEC5250}
		{7C5BA009-DB62-4FE5-86BE-C8BBBDDE1086} = {33D3C75B-F4BE-4912-9AFC-332D9DEC5250}
		{6E4F35F9-E999-4321-AC8C-81F936D6F579} = {33D3C75B-F4BE-4912-9AFC-332D9DEC5250}
		{3D1DA56B-DC0C-40AD-91E4-6820B7F32447} = {33D3C75B-F4BE-4912-9AFC-332D9DEC5250}
		{AF066033-180F-46E2-9BDC-9EF44491587A} = {33D3C75B-F4BE-4912-9AFC-332D9DEC5250}
		{C37E4A83-6DA0-417D-86E9-345B3C86819B} = {33D3C75B-F4BE-4912-9AFC-332D9DEC5250}
		{C7E210D6-929E-4605-B266-0A21B446639A} = {33D3C75B-F4BE-4912-9AFC-332D9DEC5250}
		{26CF3FDD-C6B0-4972-A03D-72D5E6357DCC} = {33D3C75B-F4BE-4912-9AFC-332D9DEC5250}
		{291B086B-899B-42D4-B624-EE5C45C0CB4D} = {33D3C75B-F4BE-4912-9AFC-332D9DEC5250}
		{6A52ED8B-8E93-405F-8456-2FA6CFDBF577} = {33D3C75B-F4BE-4912-9AFC-332D9DEC5250}
		{58263358-F0FD-4211-9D20-9CD306CBF336} = {33D3C75B-F4BE-4912-9AFC-332D9DEC5250}
		{276D16EF-C205-4BD5-965D-0A6EE4EE865C} = {33D3C75B-F4BE-4912-9AFC-332D9DEC5250}
	EndGlobalSection
EndGlobal
