
Microsoft Visual Studio Solution File, Format Version 12.00
# Visual Studio Version 17
VisualStudioVersion = 17.7.34221.43
MinimumVisualStudioVersion = 10.0.40219.1
Project("{FAE04EC0-301F-11D3-BF4B-00C04F79EFBC}") = "MyProtocolServer", "MyProtocol\MyProtocolServer.csproj", "{FEFC0DDD-BD2A-4C6C-9CB6-22F8E0067741}"
EndProject
Project("{FAE04EC0-301F-11D3-BF4B-00C04F79EFBC}") = "MyProtocolClient", "MyProtocolClient\MyProtocolClient.csproj", "{C81A20F6-C3C6-408A-8CBC-BB0540FDB43A}"
EndProject
Global
	GlobalSection(SolutionConfigurationPlatforms) = preSolution
		Debug|Any CPU = Debug|Any CPU
		Release|Any CPU = Release|Any CPU
	EndGlobalSection
	GlobalSection(ProjectConfigurationPlatforms) = postSolution
		{FEFC0DDD-BD2A-4C6C-9CB6-22F8E0067741}.Debug|Any CPU.ActiveCfg = Debug|Any CPU
		{FEFC0DDD-BD2A-4C6C-9CB6-22F8E0067741}.Debug|Any CPU.Build.0 = Debug|Any CPU
		{FEFC0DDD-BD2A-4C6C-9CB6-22F8E0067741}.Release|Any CPU.ActiveCfg = Release|Any CPU
		{FEFC0DDD-BD2A-4C6C-9CB6-22F8E0067741}.Release|Any CPU.Build.0 = Release|Any CPU
		{C81A20F6-C3C6-408A-8CBC-BB0540FDB43A}.Debug|Any CPU.ActiveCfg = Debug|Any CPU
		{C81A20F6-C3C6-408A-8CBC-BB0540FDB43A}.Debug|Any CPU.Build.0 = Debug|Any CPU
		{C81A20F6-C3C6-408A-8CBC-BB0540FDB43A}.Release|Any CPU.ActiveCfg = Release|Any CPU
		{C81A20F6-C3C6-408A-8CBC-BB0540FDB43A}.Release|Any CPU.Build.0 = Release|Any CPU
	EndGlobalSection
	GlobalSection(SolutionProperties) = preSolution
		HideSolutionNode = FALSE
	EndGlobalSection
	GlobalSection(ExtensibilityGlobals) = postSolution
		SolutionGuid = {4697DAD5-D2B7-4B4F-BA40-AA6E0D221D9B}
	EndGlobalSection
EndGlobal
