
Microsoft Visual Studio Solution File, Format Version 12.00
# Visual Studio Version 17
VisualStudioVersion = 17.6.33829.357
MinimumVisualStudioVersion = 10.0.40219.1
Project("{FAE04EC0-301F-11D3-BF4B-00C04F79EFBC}") = "MyHTTPServer", "MyHTTPServer\MyHTTPServer.csproj", "{AC197CD2-FED8-4CB0-BD39-B018F392EB81}"
EndProject
Project("{FAE04EC0-301F-11D3-BF4B-00C04F79EFBC}") = "MyORM", "MyORM\MyORM.csproj", "{D6135E89-EBC6-491C-91E9-350914CC245E}"
EndProject
Global
	GlobalSection(SolutionConfigurationPlatforms) = preSolution
		Debug|Any CPU = Debug|Any CPU
		Release|Any CPU = Release|Any CPU
	EndGlobalSection
	GlobalSection(ProjectConfigurationPlatforms) = postSolution
		{AC197CD2-FED8-4CB0-BD39-B018F392EB81}.Debug|Any CPU.ActiveCfg = Debug|Any CPU
		{AC197CD2-FED8-4CB0-BD39-B018F392EB81}.Debug|Any CPU.Build.0 = Debug|Any CPU
		{AC197CD2-FED8-4CB0-BD39-B018F392EB81}.Release|Any CPU.ActiveCfg = Release|Any CPU
		{AC197CD2-FED8-4CB0-BD39-B018F392EB81}.Release|Any CPU.Build.0 = Release|Any CPU
		{D6135E89-EBC6-491C-91E9-350914CC245E}.Debug|Any CPU.ActiveCfg = Debug|Any CPU
		{D6135E89-EBC6-491C-91E9-350914CC245E}.Debug|Any CPU.Build.0 = Debug|Any CPU
		{D6135E89-EBC6-491C-91E9-350914CC245E}.Release|Any CPU.ActiveCfg = Release|Any CPU
		{D6135E89-EBC6-491C-91E9-350914CC245E}.Release|Any CPU.Build.0 = Release|Any CPU
	EndGlobalSection
	GlobalSection(SolutionProperties) = preSolution
		HideSolutionNode = FALSE
	EndGlobalSection
	GlobalSection(ExtensibilityGlobals) = postSolution
		SolutionGuid = {ED5BBCAC-E121-430F-B94C-2BA7D882A135}
	EndGlobalSection
EndGlobal
